
Microsoft Visual Studio Solution File, Format Version 12.00
# Visual Studio 15
VisualStudioVersion = 15.0.28010.2046
MinimumVisualStudioVersion = 10.0.40219.1
Project("{FAE04EC0-301F-11D3-BF4B-00C04F79EFBC}") = "ScontiVari", "ScontiVari\ScontiVari.csproj", "{052BDC72-DFDE-44A6-9FED-8968B4BBF95B}"
EndProject
Global
	GlobalSection(SolutionConfigurationPlatforms) = preSolution
		Debug|Any CPU = Debug|Any CPU
		Release|Any CPU = Release|Any CPU
	EndGlobalSection
	GlobalSection(ProjectConfigurationPlatforms) = postSolution
		{052BDC72-DFDE-44A6-9FED-8968B4BBF95B}.Debug|Any CPU.ActiveCfg = Debug|Any CPU
		{052BDC72-DFDE-44A6-9FED-8968B4BBF95B}.Debug|Any CPU.Build.0 = Debug|Any CPU
		{052BDC72-DFDE-44A6-9FED-8968B4BBF95B}.Release|Any CPU.ActiveCfg = Release|Any CPU
		{052BDC72-DFDE-44A6-9FED-8968B4BBF95B}.Release|Any CPU.Build.0 = Release|Any CPU
	EndGlobalSection
	GlobalSection(SolutionProperties) = preSolution
		HideSolutionNode = FALSE
	EndGlobalSection
	GlobalSection(ExtensibilityGlobals) = postSolution
		SolutionGuid = {F2451342-BD7E-4D0A-B2D5-321ACFB25EF1}
	EndGlobalSection
EndGlobal
